
Microsoft Visual Studio Solution File, Format Version 12.00
# Visual Studio 15
VisualStudioVersion = 15.0.27428.2015
MinimumVisualStudioVersion = 10.0.40219.1
Project("{FAE04EC0-301F-11D3-BF4B-00C04F79EFBC}") = "Lab6", "Lab6\Lab6.csproj", "{8ADAA9BB-1EC7-4C8F-9348-4054081F99D0}"
EndProject
Global
	GlobalSection(SolutionConfigurationPlatforms) = preSolution
		Debug|Any CPU = Debug|Any CPU
		Release|Any CPU = Release|Any CPU
	EndGlobalSection
	GlobalSection(ProjectConfigurationPlatforms) = postSolution
		{8ADAA9BB-1EC7-4C8F-9348-4054081F99D0}.Debug|Any CPU.ActiveCfg = Debug|Any CPU
		{8ADAA9BB-1EC7-4C8F-9348-4054081F99D0}.Debug|Any CPU.Build.0 = Debug|Any CPU
		{8ADAA9BB-1EC7-4C8F-9348-4054081F99D0}.Release|Any CPU.ActiveCfg = Release|Any CPU
		{8ADAA9BB-1EC7-4C8F-9348-4054081F99D0}.Release|Any CPU.Build.0 = Release|Any CPU
	EndGlobalSection
	GlobalSection(SolutionProperties) = preSolution
		HideSolutionNode = FALSE
	EndGlobalSection
	GlobalSection(ExtensibilityGlobals) = postSolution
		SolutionGuid = {5923EB59-998C-411F-95FE-9D32E0ACAF8C}
	EndGlobalSection
EndGlobal
